// !$*UTF8*$!
{
	archiveVersion = 1;
	classes = {
	};
	objectVersion = 51;
	objects = {

/* Begin PBXBuildFile section */
		57082A8926A618B700CE1DB0 /* rtmpConfiguration.swift in Sources */ = {isa = PBXBuildFile; fileRef = 57082A8826A618B700CE1DB0 /* rtmpConfiguration.swift */; };
		57082A8B26A61B3900CE1DB0 /* Room.swift in Sources */ = {isa = PBXBuildFile; fileRef = 57082A8A26A61B3900CE1DB0 /* Room.swift */; };
		57082ACF26A637B300CE1DB0 /* IJKMediaFramework.framework in Frameworks */ = {isa = PBXBuildFile; fileRef = 57082AC826A6379900CE1DB0 /* IJKMediaFramework.framework */; };
		57082AD026A637BF00CE1DB0 /* AudioToolbox.framework in Frameworks */ = {isa = PBXBuildFile; fileRef = 57082AA726A62FC800CE1DB0 /* AudioToolbox.framework */; };
		57082AD226A637C500CE1DB0 /* AVFAudio.framework in Frameworks */ = {isa = PBXBuildFile; fileRef = 57082AD126A637C500CE1DB0 /* AVFAudio.framework */; };
		57082AD326A637CB00CE1DB0 /* CoreGraphics.framework in Frameworks */ = {isa = PBXBuildFile; fileRef = 57082AAB26A62FE600CE1DB0 /* CoreGraphics.framework */; };
		57082AD426A637D300CE1DB0 /* CoreMedia.framework in Frameworks */ = {isa = PBXBuildFile; fileRef = 57082AAD26A62FED00CE1DB0 /* CoreMedia.framework */; };
		57082AD526A637DA00CE1DB0 /* CoreVideo.framework in Frameworks */ = {isa = PBXBuildFile; fileRef = 57082AAF26A6307600CE1DB0 /* CoreVideo.framework */; };
		57082AD626A637E000CE1DB0 /* libbz2.tbd in Frameworks */ = {isa = PBXBuildFile; fileRef = 57082AB126A6308B00CE1DB0 /* libbz2.tbd */; };
		57082AD726A637E800CE1DB0 /* libz.tbd in Frameworks */ = {isa = PBXBuildFile; fileRef = 57082AB326A6309200CE1DB0 /* libz.tbd */; };
		57082AD826A637EF00CE1DB0 /* MediaPlayer.framework in Frameworks */ = {isa = PBXBuildFile; fileRef = 57082AB526A6309A00CE1DB0 /* MediaPlayer.framework */; };
		57082AD926A637F500CE1DB0 /* MobileCoreServices.framework in Frameworks */ = {isa = PBXBuildFile; fileRef = 57082AB726A630A100CE1DB0 /* MobileCoreServices.framework */; };
		57082ADA26A637FC00CE1DB0 /* OpenGLES.framework in Frameworks */ = {isa = PBXBuildFile; fileRef = 57082AB926A630AB00CE1DB0 /* OpenGLES.framework */; };
		57082ADB26A6380100CE1DB0 /* QuartzCore.framework in Frameworks */ = {isa = PBXBuildFile; fileRef = 57082ABB26A630B400CE1DB0 /* QuartzCore.framework */; };
		57082ADC26A6380700CE1DB0 /* UIKit.framework in Frameworks */ = {isa = PBXBuildFile; fileRef = 57082ABD26A630BA00CE1DB0 /* UIKit.framework */; };
		57082ADD26A6380E00CE1DB0 /* VideoToolbox.framework in Frameworks */ = {isa = PBXBuildFile; fileRef = 57082ABF26A630C800CE1DB0 /* VideoToolbox.framework */; };
		5726D9BA2681A35300D0E15F /* ProposedCourseViewController.swift in Sources */ = {isa = PBXBuildFile; fileRef = 5726D9B82681A35300D0E15F /* ProposedCourseViewController.swift */; };
		5726D9BB2681A35300D0E15F /* ProposedCourseViewController.xib in Resources */ = {isa = PBXBuildFile; fileRef = 5726D9B92681A35300D0E15F /* ProposedCourseViewController.xib */; };
		573B032B2682794C00457514 /* Course.swift in Sources */ = {isa = PBXBuildFile; fileRef = 573B032A2682794C00457514 /* Course.swift */; };
		573B032D26827C1300457514 /* CourseFactory.swift in Sources */ = {isa = PBXBuildFile; fileRef = 573B032C26827C1300457514 /* CourseFactory.swift */; };
		573B032F26827FFC00457514 /* CourseService.swift in Sources */ = {isa = PBXBuildFile; fileRef = 573B032E26827FFC00457514 /* CourseService.swift */; };
		573B03322682838800457514 /* ValidatedCourseViewController.swift in Sources */ = {isa = PBXBuildFile; fileRef = 573B03302682838800457514 /* ValidatedCourseViewController.swift */; };
		573B03332682838800457514 /* ValidatedCourseViewController.xib in Resources */ = {isa = PBXBuildFile; fileRef = 573B03312682838800457514 /* ValidatedCourseViewController.xib */; };
		573B0339268940F300457514 /* LiveAndDetailViewController.swift in Sources */ = {isa = PBXBuildFile; fileRef = 573B0337268940F300457514 /* LiveAndDetailViewController.swift */; };
		573B033A268940F300457514 /* LiveAndDetailViewController.xib in Resources */ = {isa = PBXBuildFile; fileRef = 573B0338268940F300457514 /* LiveAndDetailViewController.xib */; };
		57550731268B2275001B752D /* ValidatedCourseTableViewCell.swift in Sources */ = {isa = PBXBuildFile; fileRef = 5755072F268B2275001B752D /* ValidatedCourseTableViewCell.swift */; };
		57550732268B2275001B752D /* ValidatedCourseTableViewCell.xib in Resources */ = {isa = PBXBuildFile; fileRef = 57550730268B2275001B752D /* ValidatedCourseTableViewCell.xib */; };
		5755073E268D2D34001B752D /* CreateCourseViewController.swift in Sources */ = {isa = PBXBuildFile; fileRef = 5755073C268D2D34001B752D /* CreateCourseViewController.swift */; };
		5755073F268D2D34001B752D /* CreateCourseViewController.xib in Resources */ = {isa = PBXBuildFile; fileRef = 5755073D268D2D34001B752D /* CreateCourseViewController.xib */; };
		575507472690C998001B752D /* CourseCategory.swift in Sources */ = {isa = PBXBuildFile; fileRef = 575507462690C998001B752D /* CourseCategory.swift */; };
		5755074B2690CA23001B752D /* CourseLevel.swift in Sources */ = {isa = PBXBuildFile; fileRef = 5755074A2690CA23001B752D /* CourseLevel.swift */; };
		5755074D2690DA4F001B752D /* CourseCategoryFactory.swift in Sources */ = {isa = PBXBuildFile; fileRef = 5755074C2690DA4F001B752D /* CourseCategoryFactory.swift */; };
		5755074F2690DACC001B752D /* CourseCategoryService.swift in Sources */ = {isa = PBXBuildFile; fileRef = 5755074E2690DACC001B752D /* CourseCategoryService.swift */; };
		575507512694F936001B752D /* CourseLevelFactory.swift in Sources */ = {isa = PBXBuildFile; fileRef = 575507502694F936001B752D /* CourseLevelFactory.swift */; };
		575507532694F99C001B752D /* CourseLevelService.swift in Sources */ = {isa = PBXBuildFile; fileRef = 575507522694F99C001B752D /* CourseLevelService.swift */; };
		5764BE6F266F78FF00D9FD00 /* AppDelegate.swift in Sources */ = {isa = PBXBuildFile; fileRef = 5764BE6E266F78FF00D9FD00 /* AppDelegate.swift */; };
		5764BE78266F790000D9FD00 /* Assets.xcassets in Resources */ = {isa = PBXBuildFile; fileRef = 5764BE77266F790000D9FD00 /* Assets.xcassets */; };
		5764BE7B266F790000D9FD00 /* LaunchScreen.storyboard in Resources */ = {isa = PBXBuildFile; fileRef = 5764BE79266F790000D9FD00 /* LaunchScreen.storyboard */; };
		5764BE85266F95AC00D9FD00 /* AuthenticationViewController.swift in Sources */ = {isa = PBXBuildFile; fileRef = 5764BE83266F95AC00D9FD00 /* AuthenticationViewController.swift */; };
		5764BE86266F95AC00D9FD00 /* AuthenticationViewController.xib in Resources */ = {isa = PBXBuildFile; fileRef = 5764BE84266F95AC00D9FD00 /* AuthenticationViewController.xib */; };
		5764BE8B266F982000D9FD00 /* Authentication.swift in Sources */ = {isa = PBXBuildFile; fileRef = 5764BE8A266F982000D9FD00 /* Authentication.swift */; };
		5764BE8D266F985800D9FD00 /* User.swift in Sources */ = {isa = PBXBuildFile; fileRef = 5764BE8C266F985800D9FD00 /* User.swift */; };
		5764BE8F266F991300D9FD00 /* AuthenticationService.swift in Sources */ = {isa = PBXBuildFile; fileRef = 5764BE8E266F991300D9FD00 /* AuthenticationService.swift */; };
		5764BE91266F991E00D9FD00 /* AuthenticationFactory.swift in Sources */ = {isa = PBXBuildFile; fileRef = 5764BE90266F991E00D9FD00 /* AuthenticationFactory.swift */; };
		5764BE93266F9A6300D9FD00 /* UserFactory.swift in Sources */ = {isa = PBXBuildFile; fileRef = 5764BE92266F9A6300D9FD00 /* UserFactory.swift */; };
		5764BEA3266FD0BA00D9FD00 /* HomeViewController.swift in Sources */ = {isa = PBXBuildFile; fileRef = 5764BEA1266FD0BA00D9FD00 /* HomeViewController.swift */; };
		5764BEA4266FD0BA00D9FD00 /* HomeViewController.xib in Resources */ = {isa = PBXBuildFile; fileRef = 5764BEA2266FD0BA00D9FD00 /* HomeViewController.xib */; };
		5764BEA8266FD6A200D9FD00 /* Localizable.strings in Resources */ = {isa = PBXBuildFile; fileRef = 5764BEAA266FD6A200D9FD00 /* Localizable.strings */; };
		69FF2EB74DAA03639122E399 /* Pods_Schoovid_ackoffice.framework in Frameworks */ = {isa = PBXBuildFile; fileRef = 8403B5E671FA5044CC02D2F4 /* Pods_Schoovid_ackoffice.framework */; };
/* End PBXBuildFile section */

/* Begin PBXContainerItemProxy section */
		57082AC726A6379900CE1DB0 /* PBXContainerItemProxy */ = {
			isa = PBXContainerItemProxy;
			containerPortal = 57082AC126A6379900CE1DB0 /* IJKMediaPlayer.xcodeproj */;
			proxyType = 2;
			remoteGlobalIDString = E654EA8A1B6B27E600B0F2D0;
			remoteInfo = IJKMediaFramework;
		};
		57082AC926A6379900CE1DB0 /* PBXContainerItemProxy */ = {
			isa = PBXContainerItemProxy;
			containerPortal = 57082AC126A6379900CE1DB0 /* IJKMediaPlayer.xcodeproj */;
			proxyType = 2;
			remoteGlobalIDString = 5450B0431E63EA4300568494;
			remoteInfo = IJKMediaFrameworkWithSSL;
		};
		57082ACB26A6379900CE1DB0 /* PBXContainerItemProxy */ = {
			isa = PBXContainerItemProxy;
			containerPortal = 57082AC126A6379900CE1DB0 /* IJKMediaPlayer.xcodeproj */;
			proxyType = 2;
			remoteGlobalIDString = E654EA941B6B27E600B0F2D0;
			remoteInfo = IJKMediaFrameworkTests;
		};
		57082ADE26A6392900CE1DB0 /* PBXContainerItemProxy */ = {
			isa = PBXContainerItemProxy;
			containerPortal = 57082AC126A6379900CE1DB0 /* IJKMediaPlayer.xcodeproj */;
			proxyType = 1;
			remoteGlobalIDString = E654EA891B6B27E600B0F2D0;
			remoteInfo = IJKMediaFramework;
		};
/* End PBXContainerItemProxy section */

/* Begin PBXFileReference section */
		3F9AA03C8D6A0D4AA6E02C8A /* Pods-Schoovid-ackoffice.release.xcconfig */ = {isa = PBXFileReference; includeInIndex = 1; lastKnownFileType = text.xcconfig; name = "Pods-Schoovid-ackoffice.release.xcconfig"; path = "Target Support Files/Pods-Schoovid-ackoffice/Pods-Schoovid-ackoffice.release.xcconfig"; sourceTree = "<group>"; };
		4F1718166E3A366A0CB429AA /* Pods-Schoovid-ackoffice.debug.xcconfig */ = {isa = PBXFileReference; includeInIndex = 1; lastKnownFileType = text.xcconfig; name = "Pods-Schoovid-ackoffice.debug.xcconfig"; path = "Target Support Files/Pods-Schoovid-ackoffice/Pods-Schoovid-ackoffice.debug.xcconfig"; sourceTree = "<group>"; };
		57082A8826A618B700CE1DB0 /* rtmpConfiguration.swift */ = {isa = PBXFileReference; lastKnownFileType = sourcecode.swift; path = rtmpConfiguration.swift; sourceTree = "<group>"; };
		57082A8A26A61B3900CE1DB0 /* Room.swift */ = {isa = PBXFileReference; lastKnownFileType = sourcecode.swift; path = Room.swift; sourceTree = "<group>"; };
		57082AA726A62FC800CE1DB0 /* AudioToolbox.framework */ = {isa = PBXFileReference; lastKnownFileType = wrapper.framework; name = AudioToolbox.framework; path = System/Library/Frameworks/AudioToolbox.framework; sourceTree = SDKROOT; };
		57082AA926A62FD500CE1DB0 /* AVFoundation.framework */ = {isa = PBXFileReference; lastKnownFileType = wrapper.framework; name = AVFoundation.framework; path = System/Library/Frameworks/AVFoundation.framework; sourceTree = SDKROOT; };
		57082AAB26A62FE600CE1DB0 /* CoreGraphics.framework */ = {isa = PBXFileReference; lastKnownFileType = wrapper.framework; name = CoreGraphics.framework; path = System/Library/Frameworks/CoreGraphics.framework; sourceTree = SDKROOT; };
		57082AAD26A62FED00CE1DB0 /* CoreMedia.framework */ = {isa = PBXFileReference; lastKnownFileType = wrapper.framework; name = CoreMedia.framework; path = System/Library/Frameworks/CoreMedia.framework; sourceTree = SDKROOT; };
		57082AAF26A6307600CE1DB0 /* CoreVideo.framework */ = {isa = PBXFileReference; lastKnownFileType = wrapper.framework; name = CoreVideo.framework; path = System/Library/Frameworks/CoreVideo.framework; sourceTree = SDKROOT; };
		57082AB126A6308B00CE1DB0 /* libbz2.tbd */ = {isa = PBXFileReference; lastKnownFileType = "sourcecode.text-based-dylib-definition"; name = libbz2.tbd; path = usr/lib/libbz2.tbd; sourceTree = SDKROOT; };
		57082AB326A6309200CE1DB0 /* libz.tbd */ = {isa = PBXFileReference; lastKnownFileType = "sourcecode.text-based-dylib-definition"; name = libz.tbd; path = usr/lib/libz.tbd; sourceTree = SDKROOT; };
		57082AB526A6309A00CE1DB0 /* MediaPlayer.framework */ = {isa = PBXFileReference; lastKnownFileType = wrapper.framework; name = MediaPlayer.framework; path = System/Library/Frameworks/MediaPlayer.framework; sourceTree = SDKROOT; };
		57082AB726A630A100CE1DB0 /* MobileCoreServices.framework */ = {isa = PBXFileReference; lastKnownFileType = wrapper.framework; name = MobileCoreServices.framework; path = System/Library/Frameworks/MobileCoreServices.framework; sourceTree = SDKROOT; };
		57082AB926A630AB00CE1DB0 /* OpenGLES.framework */ = {isa = PBXFileReference; lastKnownFileType = wrapper.framework; name = OpenGLES.framework; path = System/Library/Frameworks/OpenGLES.framework; sourceTree = SDKROOT; };
		57082ABB26A630B400CE1DB0 /* QuartzCore.framework */ = {isa = PBXFileReference; lastKnownFileType = wrapper.framework; name = QuartzCore.framework; path = System/Library/Frameworks/QuartzCore.framework; sourceTree = SDKROOT; };
		57082ABD26A630BA00CE1DB0 /* UIKit.framework */ = {isa = PBXFileReference; lastKnownFileType = wrapper.framework; name = UIKit.framework; path = System/Library/Frameworks/UIKit.framework; sourceTree = SDKROOT; };
		57082ABF26A630C800CE1DB0 /* VideoToolbox.framework */ = {isa = PBXFileReference; lastKnownFileType = wrapper.framework; name = VideoToolbox.framework; path = System/Library/Frameworks/VideoToolbox.framework; sourceTree = SDKROOT; };
		57082AC126A6379900CE1DB0 /* IJKMediaPlayer.xcodeproj */ = {isa = PBXFileReference; lastKnownFileType = "wrapper.pb-project"; name = IJKMediaPlayer.xcodeproj; path = "../../../ijkplayer-ios/ios/IJKMediaPlayer/IJKMediaPlayer.xcodeproj"; sourceTree = "<group>"; };
		57082AD126A637C500CE1DB0 /* AVFAudio.framework */ = {isa = PBXFileReference; lastKnownFileType = wrapper.framework; name = AVFAudio.framework; path = System/Library/Frameworks/AVFAudio.framework; sourceTree = SDKROOT; };
		5726D9B82681A35300D0E15F /* ProposedCourseViewController.swift */ = {isa = PBXFileReference; lastKnownFileType = sourcecode.swift; path = ProposedCourseViewController.swift; sourceTree = "<group>"; };
		5726D9B92681A35300D0E15F /* ProposedCourseViewController.xib */ = {isa = PBXFileReference; lastKnownFileType = file.xib; path = ProposedCourseViewController.xib; sourceTree = "<group>"; };
		573B032A2682794C00457514 /* Course.swift */ = {isa = PBXFileReference; lastKnownFileType = sourcecode.swift; path = Course.swift; sourceTree = "<group>"; };
		573B032C26827C1300457514 /* CourseFactory.swift */ = {isa = PBXFileReference; lastKnownFileType = sourcecode.swift; path = CourseFactory.swift; sourceTree = "<group>"; };
		573B032E26827FFC00457514 /* CourseService.swift */ = {isa = PBXFileReference; lastKnownFileType = sourcecode.swift; path = CourseService.swift; sourceTree = "<group>"; };
		573B03302682838800457514 /* ValidatedCourseViewController.swift */ = {isa = PBXFileReference; lastKnownFileType = sourcecode.swift; path = ValidatedCourseViewController.swift; sourceTree = "<group>"; };
		573B03312682838800457514 /* ValidatedCourseViewController.xib */ = {isa = PBXFileReference; lastKnownFileType = file.xib; path = ValidatedCourseViewController.xib; sourceTree = "<group>"; };
		573B0337268940F300457514 /* LiveAndDetailViewController.swift */ = {isa = PBXFileReference; lastKnownFileType = sourcecode.swift; path = LiveAndDetailViewController.swift; sourceTree = "<group>"; };
		573B0338268940F300457514 /* LiveAndDetailViewController.xib */ = {isa = PBXFileReference; lastKnownFileType = file.xib; path = LiveAndDetailViewController.xib; sourceTree = "<group>"; };
		5755072F268B2275001B752D /* ValidatedCourseTableViewCell.swift */ = {isa = PBXFileReference; lastKnownFileType = sourcecode.swift; path = ValidatedCourseTableViewCell.swift; sourceTree = "<group>"; };
		57550730268B2275001B752D /* ValidatedCourseTableViewCell.xib */ = {isa = PBXFileReference; lastKnownFileType = file.xib; path = ValidatedCourseTableViewCell.xib; sourceTree = "<group>"; };
		5755073C268D2D34001B752D /* CreateCourseViewController.swift */ = {isa = PBXFileReference; lastKnownFileType = sourcecode.swift; path = CreateCourseViewController.swift; sourceTree = "<group>"; };
		5755073D268D2D34001B752D /* CreateCourseViewController.xib */ = {isa = PBXFileReference; lastKnownFileType = file.xib; path = CreateCourseViewController.xib; sourceTree = "<group>"; };
		575507462690C998001B752D /* CourseCategory.swift */ = {isa = PBXFileReference; lastKnownFileType = sourcecode.swift; path = CourseCategory.swift; sourceTree = "<group>"; };
		5755074A2690CA23001B752D /* CourseLevel.swift */ = {isa = PBXFileReference; lastKnownFileType = sourcecode.swift; path = CourseLevel.swift; sourceTree = "<group>"; };
		5755074C2690DA4F001B752D /* CourseCategoryFactory.swift */ = {isa = PBXFileReference; lastKnownFileType = sourcecode.swift; path = CourseCategoryFactory.swift; sourceTree = "<group>"; };
		5755074E2690DACC001B752D /* CourseCategoryService.swift */ = {isa = PBXFileReference; lastKnownFileType = sourcecode.swift; path = CourseCategoryService.swift; sourceTree = "<group>"; };
		575507502694F936001B752D /* CourseLevelFactory.swift */ = {isa = PBXFileReference; lastKnownFileType = sourcecode.swift; path = CourseLevelFactory.swift; sourceTree = "<group>"; };
		575507522694F99C001B752D /* CourseLevelService.swift */ = {isa = PBXFileReference; lastKnownFileType = sourcecode.swift; path = CourseLevelService.swift; sourceTree = "<group>"; };
		5764BE6B266F78FF00D9FD00 /* Schoovid-ackoffice.app */ = {isa = PBXFileReference; explicitFileType = wrapper.application; includeInIndex = 0; path = "Schoovid-ackoffice.app"; sourceTree = BUILT_PRODUCTS_DIR; };
		5764BE6E266F78FF00D9FD00 /* AppDelegate.swift */ = {isa = PBXFileReference; lastKnownFileType = sourcecode.swift; path = AppDelegate.swift; sourceTree = "<group>"; };
		5764BE77266F790000D9FD00 /* Assets.xcassets */ = {isa = PBXFileReference; lastKnownFileType = folder.assetcatalog; path = Assets.xcassets; sourceTree = "<group>"; };
		5764BE7A266F790000D9FD00 /* Base */ = {isa = PBXFileReference; lastKnownFileType = file.storyboard; name = Base; path = Base.lproj/LaunchScreen.storyboard; sourceTree = "<group>"; };
		5764BE7C266F790000D9FD00 /* Info.plist */ = {isa = PBXFileReference; lastKnownFileType = text.plist.xml; path = Info.plist; sourceTree = "<group>"; };
		5764BE83266F95AC00D9FD00 /* AuthenticationViewController.swift */ = {isa = PBXFileReference; lastKnownFileType = sourcecode.swift; path = AuthenticationViewController.swift; sourceTree = "<group>"; };
		5764BE84266F95AC00D9FD00 /* AuthenticationViewController.xib */ = {isa = PBXFileReference; lastKnownFileType = file.xib; path = AuthenticationViewController.xib; sourceTree = "<group>"; };
		5764BE8A266F982000D9FD00 /* Authentication.swift */ = {isa = PBXFileReference; lastKnownFileType = sourcecode.swift; path = Authentication.swift; sourceTree = "<group>"; };
		5764BE8C266F985800D9FD00 /* User.swift */ = {isa = PBXFileReference; lastKnownFileType = sourcecode.swift; path = User.swift; sourceTree = "<group>"; };
		5764BE8E266F991300D9FD00 /* AuthenticationService.swift */ = {isa = PBXFileReference; lastKnownFileType = sourcecode.swift; path = AuthenticationService.swift; sourceTree = "<group>"; };
		5764BE90266F991E00D9FD00 /* AuthenticationFactory.swift */ = {isa = PBXFileReference; lastKnownFileType = sourcecode.swift; path = AuthenticationFactory.swift; sourceTree = "<group>"; };
		5764BE92266F9A6300D9FD00 /* UserFactory.swift */ = {isa = PBXFileReference; lastKnownFileType = sourcecode.swift; path = UserFactory.swift; sourceTree = "<group>"; };
		5764BEA1266FD0BA00D9FD00 /* HomeViewController.swift */ = {isa = PBXFileReference; lastKnownFileType = sourcecode.swift; path = HomeViewController.swift; sourceTree = "<group>"; };
		5764BEA2266FD0BA00D9FD00 /* HomeViewController.xib */ = {isa = PBXFileReference; lastKnownFileType = file.xib; path = HomeViewController.xib; sourceTree = "<group>"; };
		5764BEA7266FD68000D9FD00 /* fr */ = {isa = PBXFileReference; lastKnownFileType = text.plist.strings; name = fr; path = fr.lproj/LaunchScreen.strings; sourceTree = "<group>"; };
		5764BEA9266FD6A200D9FD00 /* fr */ = {isa = PBXFileReference; lastKnownFileType = text.plist.strings; name = fr; path = fr.lproj/Localizable.strings; sourceTree = "<group>"; };
		5764BEAB266FD6AE00D9FD00 /* en */ = {isa = PBXFileReference; lastKnownFileType = text.plist.strings; name = en; path = en.lproj/Localizable.strings; sourceTree = "<group>"; };
		8403B5E671FA5044CC02D2F4 /* Pods_Schoovid_ackoffice.framework */ = {isa = PBXFileReference; explicitFileType = wrapper.framework; includeInIndex = 0; path = Pods_Schoovid_ackoffice.framework; sourceTree = BUILT_PRODUCTS_DIR; };
/* End PBXFileReference section */

/* Begin PBXFrameworksBuildPhase section */
		5764BE68266F78FF00D9FD00 /* Frameworks */ = {
			isa = PBXFrameworksBuildPhase;
			buildActionMask = 2147483647;
			files = (
				57082ADD26A6380E00CE1DB0 /* VideoToolbox.framework in Frameworks */,
				57082ADC26A6380700CE1DB0 /* UIKit.framework in Frameworks */,
				57082ADB26A6380100CE1DB0 /* QuartzCore.framework in Frameworks */,
				57082ADA26A637FC00CE1DB0 /* OpenGLES.framework in Frameworks */,
				57082AD926A637F500CE1DB0 /* MobileCoreServices.framework in Frameworks */,
				57082AD826A637EF00CE1DB0 /* MediaPlayer.framework in Frameworks */,
				57082AD726A637E800CE1DB0 /* libz.tbd in Frameworks */,
				57082AD626A637E000CE1DB0 /* libbz2.tbd in Frameworks */,
				57082AD526A637DA00CE1DB0 /* CoreVideo.framework in Frameworks */,
				57082AD426A637D300CE1DB0 /* CoreMedia.framework in Frameworks */,
				57082AD326A637CB00CE1DB0 /* CoreGraphics.framework in Frameworks */,
				57082AD226A637C500CE1DB0 /* AVFAudio.framework in Frameworks */,
				57082AD026A637BF00CE1DB0 /* AudioToolbox.framework in Frameworks */,
				57082ACF26A637B300CE1DB0 /* IJKMediaFramework.framework in Frameworks */,
				69FF2EB74DAA03639122E399 /* Pods_Schoovid_ackoffice.framework in Frameworks */,
			);
			runOnlyForDeploymentPostprocessing = 0;
		};
/* End PBXFrameworksBuildPhase section */

/* Begin PBXGroup section */
		0524F4E6D4B7F8174A5E0F21 /* Frameworks */ = {
			isa = PBXGroup;
			children = (
				57082AD126A637C500CE1DB0 /* AVFAudio.framework */,
				57082ABF26A630C800CE1DB0 /* VideoToolbox.framework */,
				57082ABD26A630BA00CE1DB0 /* UIKit.framework */,
				57082ABB26A630B400CE1DB0 /* QuartzCore.framework */,
				57082AB926A630AB00CE1DB0 /* OpenGLES.framework */,
				57082AB726A630A100CE1DB0 /* MobileCoreServices.framework */,
				57082AB526A6309A00CE1DB0 /* MediaPlayer.framework */,
				57082AB326A6309200CE1DB0 /* libz.tbd */,
				57082AB126A6308B00CE1DB0 /* libbz2.tbd */,
				57082AAF26A6307600CE1DB0 /* CoreVideo.framework */,
				57082AAD26A62FED00CE1DB0 /* CoreMedia.framework */,
				57082AAB26A62FE600CE1DB0 /* CoreGraphics.framework */,
				57082AA926A62FD500CE1DB0 /* AVFoundation.framework */,
				57082AA726A62FC800CE1DB0 /* AudioToolbox.framework */,
				8403B5E671FA5044CC02D2F4 /* Pods_Schoovid_ackoffice.framework */,
			);
			name = Frameworks;
			sourceTree = "<group>";
		};
		57082A8726A618A300CE1DB0 /* Configuration */ = {
			isa = PBXGroup;
			children = (
				57082A8826A618B700CE1DB0 /* rtmpConfiguration.swift */,
			);
			path = Configuration;
			sourceTree = "<group>";
		};
		57082AC226A6379900CE1DB0 /* Products */ = {
			isa = PBXGroup;
			children = (
				57082AC826A6379900CE1DB0 /* IJKMediaFramework.framework */,
				57082ACA26A6379900CE1DB0 /* IJKMediaFrameworkWithSSL.framework */,
				57082ACC26A6379900CE1DB0 /* IJKMediaFrameworkTests.xctest */,
			);
			name = Products;
			sourceTree = "<group>";
		};
		5755072C268B21A3001B752D /* CustomComponents */ = {
			isa = PBXGroup;
			children = (
				5755072F268B2275001B752D /* ValidatedCourseTableViewCell.swift */,
				57550730268B2275001B752D /* ValidatedCourseTableViewCell.xib */,
			);
			path = CustomComponents;
			sourceTree = "<group>";
		};
		5755073A268D2CF4001B752D /* Authentication */ = {
			isa = PBXGroup;
			children = (
				5764BE84266F95AC00D9FD00 /* AuthenticationViewController.xib */,
				5764BE83266F95AC00D9FD00 /* AuthenticationViewController.swift */,
			);
			path = Authentication;
			sourceTree = "<group>";
		};
		5755073B268D2D07001B752D /* Course */ = {
			isa = PBXGroup;
			children = (
				573B03302682838800457514 /* ValidatedCourseViewController.swift */,
				573B03312682838800457514 /* ValidatedCourseViewController.xib */,
				573B0337268940F300457514 /* LiveAndDetailViewController.swift */,
				573B0338268940F300457514 /* LiveAndDetailViewController.xib */,
				5755073C268D2D34001B752D /* CreateCourseViewController.swift */,
				5755073D268D2D34001B752D /* CreateCourseViewController.xib */,
				5726D9B82681A35300D0E15F /* ProposedCourseViewController.swift */,
				5726D9B92681A35300D0E15F /* ProposedCourseViewController.xib */,
			);
			path = Course;
			sourceTree = "<group>";
		};
		575507402690C7A2001B752D /* CourseLevel */ = {
			isa = PBXGroup;
			children = (
				575507502694F936001B752D /* CourseLevelFactory.swift */,
				575507522694F99C001B752D /* CourseLevelService.swift */,
			);
			path = CourseLevel;
			sourceTree = "<group>";
		};
		575507412690C7C6001B752D /* Course */ = {
			isa = PBXGroup;
			children = (
				573B032C26827C1300457514 /* CourseFactory.swift */,
				573B032E26827FFC00457514 /* CourseService.swift */,
			);
			path = Course;
			sourceTree = "<group>";
		};
		575507422690C7CB001B752D /* CourseCategory */ = {
			isa = PBXGroup;
			children = (
				5755074C2690DA4F001B752D /* CourseCategoryFactory.swift */,
				5755074E2690DACC001B752D /* CourseCategoryService.swift */,
			);
			path = CourseCategory;
			sourceTree = "<group>";
		};
		575507442690C7F8001B752D /* Authentication */ = {
			isa = PBXGroup;
			children = (
				5764BE8E266F991300D9FD00 /* AuthenticationService.swift */,
				5764BE90266F991E00D9FD00 /* AuthenticationFactory.swift */,
			);
			path = Authentication;
			sourceTree = "<group>";
		};
		575507452690C860001B752D /* User */ = {
			isa = PBXGroup;
			children = (
				5764BE92266F9A6300D9FD00 /* UserFactory.swift */,
			);
			path = User;
			sourceTree = "<group>";
		};
		5764BE62266F78FF00D9FD00 = {
			isa = PBXGroup;
			children = (
				57082AC126A6379900CE1DB0 /* IJKMediaPlayer.xcodeproj */,
				57082A8726A618A300CE1DB0 /* Configuration */,
				5764BE6D266F78FF00D9FD00 /* Schoovid-ackoffice */,
				5764BE6C266F78FF00D9FD00 /* Products */,
				80B562B8B7562858974E3FB8 /* Pods */,
				0524F4E6D4B7F8174A5E0F21 /* Frameworks */,
			);
			sourceTree = "<group>";
		};
		5764BE6C266F78FF00D9FD00 /* Products */ = {
			isa = PBXGroup;
			children = (
				5764BE6B266F78FF00D9FD00 /* Schoovid-ackoffice.app */,
			);
			name = Products;
			sourceTree = "<group>";
		};
		5764BE6D266F78FF00D9FD00 /* Schoovid-ackoffice */ = {
			isa = PBXGroup;
			children = (
				5755072C268B21A3001B752D /* CustomComponents */,
				5764BE89266F972800D9FD00 /* Services */,
				5764BE87266F971000D9FD00 /* Models */,
				5764BE82266F958C00D9FD00 /* Scenes */,
				5764BE6E266F78FF00D9FD00 /* AppDelegate.swift */,
				5764BE77266F790000D9FD00 /* Assets.xcassets */,
				5764BE79266F790000D9FD00 /* LaunchScreen.storyboard */,
				5764BE7C266F790000D9FD00 /* Info.plist */,
				5764BEAA266FD6A200D9FD00 /* Localizable.strings */,
			);
			path = "Schoovid-ackoffice";
			sourceTree = "<group>";
		};
		5764BE82266F958C00D9FD00 /* Scenes */ = {
			isa = PBXGroup;
			children = (
				5755073B268D2D07001B752D /* Course */,
				5755073A268D2CF4001B752D /* Authentication */,
				5764BEA1266FD0BA00D9FD00 /* HomeViewController.swift */,
				5764BEA2266FD0BA00D9FD00 /* HomeViewController.xib */,
			);
			path = Scenes;
			sourceTree = "<group>";
		};
		5764BE87266F971000D9FD00 /* Models */ = {
			isa = PBXGroup;
			children = (
				5764BE8A266F982000D9FD00 /* Authentication.swift */,
				5764BE8C266F985800D9FD00 /* User.swift */,
				573B032A2682794C00457514 /* Course.swift */,
				575507462690C998001B752D /* CourseCategory.swift */,
				5755074A2690CA23001B752D /* CourseLevel.swift */,
				57082A8A26A61B3900CE1DB0 /* Room.swift */,
			);
			path = Models;
			sourceTree = "<group>";
		};
		5764BE89266F972800D9FD00 /* Services */ = {
			isa = PBXGroup;
			children = (
				575507452690C860001B752D /* User */,
				575507442690C7F8001B752D /* Authentication */,
				575507422690C7CB001B752D /* CourseCategory */,
				575507412690C7C6001B752D /* Course */,
				575507402690C7A2001B752D /* CourseLevel */,
			);
			path = Services;
			sourceTree = "<group>";
		};
		80B562B8B7562858974E3FB8 /* Pods */ = {
			isa = PBXGroup;
			children = (
				4F1718166E3A366A0CB429AA /* Pods-Schoovid-ackoffice.debug.xcconfig */,
				3F9AA03C8D6A0D4AA6E02C8A /* Pods-Schoovid-ackoffice.release.xcconfig */,
			);
			path = Pods;
			sourceTree = "<group>";
		};
/* End PBXGroup section */

/* Begin PBXNativeTarget section */
		5764BE6A266F78FF00D9FD00 /* Schoovid-ackoffice */ = {
			isa = PBXNativeTarget;
			buildConfigurationList = 5764BE7F266F790000D9FD00 /* Build configuration list for PBXNativeTarget "Schoovid-ackoffice" */;
			buildPhases = (
				E7E7C3D8B6C083CA9159DE01 /* [CP] Check Pods Manifest.lock */,
				5764BE67266F78FF00D9FD00 /* Sources */,
				5764BE68266F78FF00D9FD00 /* Frameworks */,
				5764BE69266F78FF00D9FD00 /* Resources */,
				1254E99D6F4E7E1525FEF556 /* [CP] Embed Pods Frameworks */,
			);
			buildRules = (
			);
			dependencies = (
				57082ADF26A6392900CE1DB0 /* PBXTargetDependency */,
			);
			name = "Schoovid-ackoffice";
			productName = "Schoovid-ackoffice";
			productReference = 5764BE6B266F78FF00D9FD00 /* Schoovid-ackoffice.app */;
			productType = "com.apple.product-type.application";
		};
/* End PBXNativeTarget section */

/* Begin PBXProject section */
		5764BE63266F78FF00D9FD00 /* Project object */ = {
			isa = PBXProject;
			attributes = {
				LastSwiftUpdateCheck = 1250;
				LastUpgradeCheck = 1250;
				TargetAttributes = {
					5764BE6A266F78FF00D9FD00 = {
						CreatedOnToolsVersion = 12.5;
					};
				};
			};
			buildConfigurationList = 5764BE66266F78FF00D9FD00 /* Build configuration list for PBXProject "Schoovid-ackoffice" */;
			compatibilityVersion = "Xcode 9.3";
			developmentRegion = en;
			hasScannedForEncodings = 0;
			knownRegions = (
				en,
				Base,
				fr,
			);
			mainGroup = 5764BE62266F78FF00D9FD00;
			productRefGroup = 5764BE6C266F78FF00D9FD00 /* Products */;
			projectDirPath = "";
			projectReferences = (
				{
					ProductGroup = 57082AC226A6379900CE1DB0 /* Products */;
					ProjectRef = 57082AC126A6379900CE1DB0 /* IJKMediaPlayer.xcodeproj */;
				},
			);
			projectRoot = "";
			targets = (
				5764BE6A266F78FF00D9FD00 /* Schoovid-ackoffice */,
			);
		};
/* End PBXProject section */

/* Begin PBXReferenceProxy section */
		57082AC826A6379900CE1DB0 /* IJKMediaFramework.framework */ = {
			isa = PBXReferenceProxy;
			fileType = wrapper.framework;
			path = IJKMediaFramework.framework;
			remoteRef = 57082AC726A6379900CE1DB0 /* PBXContainerItemProxy */;
			sourceTree = BUILT_PRODUCTS_DIR;
		};
		57082ACA26A6379900CE1DB0 /* IJKMediaFrameworkWithSSL.framework */ = {
			isa = PBXReferenceProxy;
			fileType = wrapper.framework;
			path = IJKMediaFrameworkWithSSL.framework;
			remoteRef = 57082AC926A6379900CE1DB0 /* PBXContainerItemProxy */;
			sourceTree = BUILT_PRODUCTS_DIR;
		};
		57082ACC26A6379900CE1DB0 /* IJKMediaFrameworkTests.xctest */ = {
			isa = PBXReferenceProxy;
			fileType = wrapper.cfbundle;
			path = IJKMediaFrameworkTests.xctest;
			remoteRef = 57082ACB26A6379900CE1DB0 /* PBXContainerItemProxy */;
			sourceTree = BUILT_PRODUCTS_DIR;
		};
/* End PBXReferenceProxy section */

/* Begin PBXResourcesBuildPhase section */
		5764BE69266F78FF00D9FD00 /* Resources */ = {
			isa = PBXResourcesBuildPhase;
			buildActionMask = 2147483647;
			files = (
				5764BEA8266FD6A200D9FD00 /* Localizable.strings in Resources */,
				5764BE86266F95AC00D9FD00 /* AuthenticationViewController.xib in Resources */,
				573B03332682838800457514 /* ValidatedCourseViewController.xib in Resources */,
				5764BE7B266F790000D9FD00 /* LaunchScreen.storyboard in Resources */,
				5764BE78266F790000D9FD00 /* Assets.xcassets in Resources */,
				573B033A268940F300457514 /* LiveAndDetailViewController.xib in Resources */,
				57550732268B2275001B752D /* ValidatedCourseTableViewCell.xib in Resources */,
				5726D9BB2681A35300D0E15F /* ProposedCourseViewController.xib in Resources */,
				5764BEA4266FD0BA00D9FD00 /* HomeViewController.xib in Resources */,
				5755073F268D2D34001B752D /* CreateCourseViewController.xib in Resources */,
			);
			runOnlyForDeploymentPostprocessing = 0;
		};
/* End PBXResourcesBuildPhase section */

/* Begin PBXShellScriptBuildPhase section */
		1254E99D6F4E7E1525FEF556 /* [CP] Embed Pods Frameworks */ = {
			isa = PBXShellScriptBuildPhase;
			buildActionMask = 2147483647;
			files = (
			);
			inputFileListPaths = (
				"${PODS_ROOT}/Target Support Files/Pods-Schoovid-ackoffice/Pods-Schoovid-ackoffice-frameworks-${CONFIGURATION}-input-files.xcfilelist",
			);
			name = "[CP] Embed Pods Frameworks";
			outputFileListPaths = (
				"${PODS_ROOT}/Target Support Files/Pods-Schoovid-ackoffice/Pods-Schoovid-ackoffice-frameworks-${CONFIGURATION}-output-files.xcfilelist",
			);
			runOnlyForDeploymentPostprocessing = 0;
			shellPath = /bin/sh;
			shellScript = "\"${PODS_ROOT}/Target Support Files/Pods-Schoovid-ackoffice/Pods-Schoovid-ackoffice-frameworks.sh\"\n";
			showEnvVarsInLog = 0;
		};
		E7E7C3D8B6C083CA9159DE01 /* [CP] Check Pods Manifest.lock */ = {
			isa = PBXShellScriptBuildPhase;
			buildActionMask = 2147483647;
			files = (
			);
			inputFileListPaths = (
			);
			inputPaths = (
				"${PODS_PODFILE_DIR_PATH}/Podfile.lock",
				"${PODS_ROOT}/Manifest.lock",
			);
			name = "[CP] Check Pods Manifest.lock";
			outputFileListPaths = (
			);
			outputPaths = (
				"$(DERIVED_FILE_DIR)/Pods-Schoovid-ackoffice-checkManifestLockResult.txt",
			);
			runOnlyForDeploymentPostprocessing = 0;
			shellPath = /bin/sh;
			shellScript = "diff \"${PODS_PODFILE_DIR_PATH}/Podfile.lock\" \"${PODS_ROOT}/Manifest.lock\" > /dev/null\nif [ $? != 0 ] ; then\n    # print error to STDERR\n    echo \"error: The sandbox is not in sync with the Podfile.lock. Run 'pod install' or update your CocoaPods installation.\" >&2\n    exit 1\nfi\n# This output is used by Xcode 'outputs' to avoid re-running this script phase.\necho \"SUCCESS\" > \"${SCRIPT_OUTPUT_FILE_0}\"\n";
			showEnvVarsInLog = 0;
		};
/* End PBXShellScriptBuildPhase section */

/* Begin PBXSourcesBuildPhase section */
		5764BE67266F78FF00D9FD00 /* Sources */ = {
			isa = PBXSourcesBuildPhase;
			buildActionMask = 2147483647;
			files = (
				573B032B2682794C00457514 /* Course.swift in Sources */,
				5764BE8D266F985800D9FD00 /* User.swift in Sources */,
				57082A8B26A61B3900CE1DB0 /* Room.swift in Sources */,
				5726D9BA2681A35300D0E15F /* ProposedCourseViewController.swift in Sources */,
				5764BE85266F95AC00D9FD00 /* AuthenticationViewController.swift in Sources */,
				5764BE93266F9A6300D9FD00 /* UserFactory.swift in Sources */,
				575507512694F936001B752D /* CourseLevelFactory.swift in Sources */,
				5764BEA3266FD0BA00D9FD00 /* HomeViewController.swift in Sources */,
				5764BE91266F991E00D9FD00 /* AuthenticationFactory.swift in Sources */,
				573B0339268940F300457514 /* LiveAndDetailViewController.swift in Sources */,
				575507472690C998001B752D /* CourseCategory.swift in Sources */,
				57082A8926A618B700CE1DB0 /* rtmpConfiguration.swift in Sources */,
				5764BE6F266F78FF00D9FD00 /* AppDelegate.swift in Sources */,
				57550731268B2275001B752D /* ValidatedCourseTableViewCell.swift in Sources */,
				5764BE8B266F982000D9FD00 /* Authentication.swift in Sources */,
				5764BE8F266F991300D9FD00 /* AuthenticationService.swift in Sources */,
				5755074B2690CA23001B752D /* CourseLevel.swift in Sources */,
				5755074D2690DA4F001B752D /* CourseCategoryFactory.swift in Sources */,
				573B032D26827C1300457514 /* CourseFactory.swift in Sources */,
				573B03322682838800457514 /* ValidatedCourseViewController.swift in Sources */,
				5755073E268D2D34001B752D /* CreateCourseViewController.swift in Sources */,
				575507532694F99C001B752D /* CourseLevelService.swift in Sources */,
				5755074F2690DACC001B752D /* CourseCategoryService.swift in Sources */,
				573B032F26827FFC00457514 /* CourseService.swift in Sources */,
			);
			runOnlyForDeploymentPostprocessing = 0;
		};
/* End PBXSourcesBuildPhase section */

/* Begin PBXTargetDependency section */
		57082ADF26A6392900CE1DB0 /* PBXTargetDependency */ = {
			isa = PBXTargetDependency;
			name = IJKMediaFramework;
			targetProxy = 57082ADE26A6392900CE1DB0 /* PBXContainerItemProxy */;
		};
/* End PBXTargetDependency section */

/* Begin PBXVariantGroup section */
		5764BE79266F790000D9FD00 /* LaunchScreen.storyboard */ = {
			isa = PBXVariantGroup;
			children = (
				5764BE7A266F790000D9FD00 /* Base */,
				5764BEA7266FD68000D9FD00 /* fr */,
			);
			name = LaunchScreen.storyboard;
			sourceTree = "<group>";
		};
		5764BEAA266FD6A200D9FD00 /* Localizable.strings */ = {
			isa = PBXVariantGroup;
			children = (
				5764BEA9266FD6A200D9FD00 /* fr */,
				5764BEAB266FD6AE00D9FD00 /* en */,
			);
			name = Localizable.strings;
			sourceTree = "<group>";
		};
/* End PBXVariantGroup section */

/* Begin XCBuildConfiguration section */
		5764BE7D266F790000D9FD00 /* Debug */ = {
			isa = XCBuildConfiguration;
			buildSettings = {
				ALWAYS_SEARCH_USER_PATHS = NO;
				CLANG_ANALYZER_LOCALIZABILITY_NONLOCALIZED = YES;
				CLANG_ANALYZER_NONNULL = YES;
				CLANG_ANALYZER_NUMBER_OBJECT_CONVERSION = YES_AGGRESSIVE;
				CLANG_CXX_LANGUAGE_STANDARD = "gnu++14";
				CLANG_CXX_LIBRARY = "libc++";
				CLANG_ENABLE_MODULES = YES;
				CLANG_ENABLE_OBJC_ARC = YES;
				CLANG_ENABLE_OBJC_WEAK = YES;
				CLANG_WARN_BLOCK_CAPTURE_AUTORELEASING = YES;
				CLANG_WARN_BOOL_CONVERSION = YES;
				CLANG_WARN_COMMA = YES;
				CLANG_WARN_CONSTANT_CONVERSION = YES;
				CLANG_WARN_DEPRECATED_OBJC_IMPLEMENTATIONS = YES;
				CLANG_WARN_DIRECT_OBJC_ISA_USAGE = YES_ERROR;
				CLANG_WARN_DOCUMENTATION_COMMENTS = YES;
				CLANG_WARN_EMPTY_BODY = YES;
				CLANG_WARN_ENUM_CONVERSION = YES;
				CLANG_WARN_INFINITE_RECURSION = YES;
				CLANG_WARN_INT_CONVERSION = YES;
				CLANG_WARN_NON_LITERAL_NULL_CONVERSION = YES;
				CLANG_WARN_OBJC_IMPLICIT_RETAIN_SELF = YES;
				CLANG_WARN_OBJC_LITERAL_CONVERSION = YES;
				CLANG_WARN_OBJC_ROOT_CLASS = YES_ERROR;
				CLANG_WARN_QUOTED_INCLUDE_IN_FRAMEWORK_HEADER = YES;
				CLANG_WARN_RANGE_LOOP_ANALYSIS = YES;
				CLANG_WARN_STRICT_PROTOTYPES = YES;
				CLANG_WARN_SUSPICIOUS_MOVE = YES;
				CLANG_WARN_UNGUARDED_AVAILABILITY = YES_AGGRESSIVE;
				CLANG_WARN_UNREACHABLE_CODE = YES;
				CLANG_WARN__DUPLICATE_METHOD_MATCH = YES;
				COPY_PHASE_STRIP = NO;
				DEBUG_INFORMATION_FORMAT = dwarf;
				ENABLE_STRICT_OBJC_MSGSEND = YES;
				ENABLE_TESTABILITY = YES;
				GCC_C_LANGUAGE_STANDARD = gnu11;
				GCC_DYNAMIC_NO_PIC = NO;
				GCC_NO_COMMON_BLOCKS = YES;
				GCC_OPTIMIZATION_LEVEL = 0;
				GCC_PREPROCESSOR_DEFINITIONS = (
					"DEBUG=1",
					"$(inherited)",
				);
				GCC_WARN_64_TO_32_BIT_CONVERSION = YES;
				GCC_WARN_ABOUT_RETURN_TYPE = YES_ERROR;
				GCC_WARN_UNDECLARED_SELECTOR = YES;
				GCC_WARN_UNINITIALIZED_AUTOS = YES_AGGRESSIVE;
				GCC_WARN_UNUSED_FUNCTION = YES;
				GCC_WARN_UNUSED_VARIABLE = YES;
				IPHONEOS_DEPLOYMENT_TARGET = 14.5;
				MTL_ENABLE_DEBUG_INFO = INCLUDE_SOURCE;
				MTL_FAST_MATH = YES;
				ONLY_ACTIVE_ARCH = YES;
				SDKROOT = iphoneos;
				SWIFT_ACTIVE_COMPILATION_CONDITIONS = DEBUG;
				SWIFT_OPTIMIZATION_LEVEL = "-Onone";
			};
			name = Debug;
		};
		5764BE7E266F790000D9FD00 /* Release */ = {
			isa = XCBuildConfiguration;
			buildSettings = {
				ALWAYS_SEARCH_USER_PATHS = NO;
				CLANG_ANALYZER_LOCALIZABILITY_NONLOCALIZED = YES;
				CLANG_ANALYZER_NONNULL = YES;
				CLANG_ANALYZER_NUMBER_OBJECT_CONVERSION = YES_AGGRESSIVE;
				CLANG_CXX_LANGUAGE_STANDARD = "gnu++14";
				CLANG_CXX_LIBRARY = "libc++";
				CLANG_ENABLE_MODULES = YES;
				CLANG_ENABLE_OBJC_ARC = YES;
				CLANG_ENABLE_OBJC_WEAK = YES;
				CLANG_WARN_BLOCK_CAPTURE_AUTORELEASING = YES;
				CLANG_WARN_BOOL_CONVERSION = YES;
				CLANG_WARN_COMMA = YES;
				CLANG_WARN_CONSTANT_CONVERSION = YES;
				CLANG_WARN_DEPRECATED_OBJC_IMPLEMENTATIONS = YES;
				CLANG_WARN_DIRECT_OBJC_ISA_USAGE = YES_ERROR;
				CLANG_WARN_DOCUMENTATION_COMMENTS = YES;
				CLANG_WARN_EMPTY_BODY = YES;
				CLANG_WARN_ENUM_CONVERSION = YES;
				CLANG_WARN_INFINITE_RECURSION = YES;
				CLANG_WARN_INT_CONVERSION = YES;
				CLANG_WARN_NON_LITERAL_NULL_CONVERSION = YES;
				CLANG_WARN_OBJC_IMPLICIT_RETAIN_SELF = YES;
				CLANG_WARN_OBJC_LITERAL_CONVERSION = YES;
				CLANG_WARN_OBJC_ROOT_CLASS = YES_ERROR;
				CLANG_WARN_QUOTED_INCLUDE_IN_FRAMEWORK_HEADER = YES;
				CLANG_WARN_RANGE_LOOP_ANALYSIS = YES;
				CLANG_WARN_STRICT_PROTOTYPES = YES;
				CLANG_WARN_SUSPICIOUS_MOVE = YES;
				CLANG_WARN_UNGUARDED_AVAILABILITY = YES_AGGRESSIVE;
				CLANG_WARN_UNREACHABLE_CODE = YES;
				CLANG_WARN__DUPLICATE_METHOD_MATCH = YES;
				COPY_PHASE_STRIP = NO;
				DEBUG_INFORMATION_FORMAT = "dwarf-with-dsym";
				ENABLE_NS_ASSERTIONS = NO;
				ENABLE_STRICT_OBJC_MSGSEND = YES;
				GCC_C_LANGUAGE_STANDARD = gnu11;
				GCC_NO_COMMON_BLOCKS = YES;
				GCC_WARN_64_TO_32_BIT_CONVERSION = YES;
				GCC_WARN_ABOUT_RETURN_TYPE = YES_ERROR;
				GCC_WARN_UNDECLARED_SELECTOR = YES;
				GCC_WARN_UNINITIALIZED_AUTOS = YES_AGGRESSIVE;
				GCC_WARN_UNUSED_FUNCTION = YES;
				GCC_WARN_UNUSED_VARIABLE = YES;
				IPHONEOS_DEPLOYMENT_TARGET = 14.5;
				MTL_ENABLE_DEBUG_INFO = NO;
				MTL_FAST_MATH = YES;
				SDKROOT = iphoneos;
				SWIFT_COMPILATION_MODE = wholemodule;
				SWIFT_OPTIMIZATION_LEVEL = "-O";
				VALIDATE_PRODUCT = YES;
			};
			name = Release;
		};
		5764BE80266F790000D9FD00 /* Debug */ = {
			isa = XCBuildConfiguration;
			baseConfigurationReference = 4F1718166E3A366A0CB429AA /* Pods-Schoovid-ackoffice.debug.xcconfig */;
			buildSettings = {
				ASSETCATALOG_COMPILER_APPICON_NAME = AppIcon;
				ASSETCATALOG_COMPILER_GLOBAL_ACCENT_COLOR_NAME = AccentColor;
				CODE_SIGN_STYLE = Automatic;
				DEVELOPMENT_TEAM = FQGP74M3NR;
				INFOPLIST_FILE = "Schoovid-ackoffice/Info.plist";
				LD_RUNPATH_SEARCH_PATHS = (
					"$(inherited)",
					"@executable_path/Frameworks",
				);
				NEW_SETTING = "";
				PRODUCT_BUNDLE_IDENTIFIER = "com.schoovid.Schoovid-ackoffice";
				PRODUCT_NAME = "$(TARGET_NAME)";
				SWIFT_VERSION = 5.0;
				TARGETED_DEVICE_FAMILY = "1,2";
			};
			name = Debug;
		};
		5764BE81266F790000D9FD00 /* Release */ = {
			isa = XCBuildConfiguration;
			baseConfigurationReference = 3F9AA03C8D6A0D4AA6E02C8A /* Pods-Schoovid-ackoffice.release.xcconfig */;
			buildSettings = {
				ASSETCATALOG_COMPILER_APPICON_NAME = AppIcon;
				ASSETCATALOG_COMPILER_GLOBAL_ACCENT_COLOR_NAME = AccentColor;
				CODE_SIGN_STYLE = Automatic;
				DEVELOPMENT_TEAM = FQGP74M3NR;
				INFOPLIST_FILE = "Schoovid-ackoffice/Info.plist";
				LD_RUNPATH_SEARCH_PATHS = (
					"$(inherited)",
					"@executable_path/Frameworks",
				);
				NEW_SETTING = "";
				PRODUCT_BUNDLE_IDENTIFIER = "com.schoovid.Schoovid-ackoffice";
				PRODUCT_NAME = "$(TARGET_NAME)";
				SWIFT_VERSION = 5.0;
				TARGETED_DEVICE_FAMILY = "1,2";
			};
			name = Release;
		};
/* End XCBuildConfiguration section */

/* Begin XCConfigurationList section */
		5764BE66266F78FF00D9FD00 /* Build configuration list for PBXProject "Schoovid-ackoffice" */ = {
			isa = XCConfigurationList;
			buildConfigurations = (
				5764BE7D266F790000D9FD00 /* Debug */,
				5764BE7E266F790000D9FD00 /* Release */,
			);
			defaultConfigurationIsVisible = 0;
			defaultConfigurationName = Release;
		};
		5764BE7F266F790000D9FD00 /* Build configuration list for PBXNativeTarget "Schoovid-ackoffice" */ = {
			isa = XCConfigurationList;
			buildConfigurations = (
				5764BE80266F790000D9FD00 /* Debug */,
				5764BE81266F790000D9FD00 /* Release */,
			);
			defaultConfigurationIsVisible = 0;
			defaultConfigurationName = Release;
		};
/* End XCConfigurationList section */
	};
	rootObject = 5764BE63266F78FF00D9FD00 /* Project object */;
}
